{
  "name": "prereview-documentation",
  "version": "0.0.1",
  "lockfileVersion": 1,
  "requires": true,
  "dependencies": {
    "@types/unist": {
      "version": "2.0.3",
      "resolved": "https://registry.npmjs.org/@types/unist/-/unist-2.0.3.tgz",
      "integrity": "sha512-FvUupuM3rlRsRtCN+fDudtmytGO6iHJuuRKS1Ss0pG5z8oX0diNEw94UEL7hgDbpN94rgaK5R7sWm6RrSkZuAQ==",
      "dev": true
    },
    "bail": {
      "version": "1.0.4",
      "resolved": "https://registry.npmjs.org/bail/-/bail-1.0.4.tgz",
      "integrity": "sha512-S8vuDB4w6YpRhICUDET3guPlQpaJl7od94tpZ0Fvnyp+MKW/HyDTcRDck+29C9g+d/qQHnddRH3+94kZdrW0Ww==",
      "dev": true
    },
    "ccount": {
      "version": "1.0.4",
      "resolved": "https://registry.npmjs.org/ccount/-/ccount-1.0.4.tgz",
      "integrity": "sha512-fpZ81yYfzentuieinmGnphk0pLkOTMm6MZdVqwd77ROvhko6iujLNGrHH5E7utq3ygWklwfmwuG+A7P+NpqT6w==",
      "dev": true
    },
    "character-entities": {
      "version": "1.2.3",
      "resolved": "https://registry.npmjs.org/character-entities/-/character-entities-1.2.3.tgz",
      "integrity": "sha512-yB4oYSAa9yLcGyTbB4ItFwHw43QHdH129IJ5R+WvxOkWlyFnR5FAaBNnUq4mcxsTVZGh28bHoeTHMKXH1wZf3w==",
      "dev": true
    },
    "character-entities-html4": {
      "version": "1.1.3",
      "resolved": "https://registry.npmjs.org/character-entities-html4/-/character-entities-html4-1.1.3.tgz",
      "integrity": "sha512-SwnyZ7jQBCRHELk9zf2CN5AnGEc2nA+uKMZLHvcqhpPprjkYhiLn0DywMHgN5ttFZuITMATbh68M6VIVKwJbcg==",
      "dev": true
    },
    "character-entities-legacy": {
      "version": "1.1.3",
      "resolved": "https://registry.npmjs.org/character-entities-legacy/-/character-entities-legacy-1.1.3.tgz",
      "integrity": "sha512-YAxUpPoPwxYFsslbdKkhrGnXAtXoHNgYjlBM3WMXkWGTl5RsY3QmOyhwAgL8Nxm9l5LBThXGawxKPn68y6/fww==",
      "dev": true
    },
    "character-reference-invalid": {
      "version": "1.1.3",
      "resolved": "https://registry.npmjs.org/character-reference-invalid/-/character-reference-invalid-1.1.3.tgz",
      "integrity": "sha512-VOq6PRzQBam/8Jm6XBGk2fNEnHXAdGd6go0rtd4weAGECBamHDwwCQSOT12TACIYUZegUXnV6xBXqUssijtxIg==",
      "dev": true
    },
    "co": {
      "version": "3.1.0",
      "resolved": "https://registry.npmjs.org/co/-/co-3.1.0.tgz",
      "integrity": "sha1-TqVOpaCJOBUxheFSEMaNkJK8G3g=",
      "dev": true
    },
    "collapse-white-space": {
      "version": "1.0.5",
      "resolved": "https://registry.npmjs.org/collapse-white-space/-/collapse-white-space-1.0.5.tgz",
      "integrity": "sha512-703bOOmytCYAX9cXYqoikYIx6twmFCXsnzRQheBcTG3nzKYBR4P/+wkYeH+Mvj7qUz8zZDtdyzbxfnEi/kYzRQ==",
      "dev": true
    },
    "comma-separated-tokens": {
      "version": "1.0.7",
      "resolved": "https://registry.npmjs.org/comma-separated-tokens/-/comma-separated-tokens-1.0.7.tgz",
      "integrity": "sha512-Jrx3xsP4pPv4AwJUDWY9wOXGtwPXARej6Xd99h4TUGotmf8APuquKMpK+dnD3UgyxK7OEWaisjZz+3b5jtL6xQ==",
      "dev": true
    },
    "detab": {
      "version": "2.0.2",
      "resolved": "https://registry.npmjs.org/detab/-/detab-2.0.2.tgz",
      "integrity": "sha512-Q57yPrxScy816TTE1P/uLRXLDKjXhvYTbfxS/e6lPD+YrqghbsMlGB9nQzj/zVtSPaF0DFPSdO916EWO4sQUyQ==",
      "dev": true,
      "requires": {
        "repeat-string": "^1.5.4"
      }
    },
    "emoji-regex": {
      "version": "6.1.1",
      "resolved": "https://registry.npmjs.org/emoji-regex/-/emoji-regex-6.1.1.tgz",
      "integrity": "sha1-xs0OwbBkLio8Z6ETfvxeeW2k+I4=",
      "dev": true
    },
    "extend": {
      "version": "3.0.2",
      "resolved": "https://registry.npmjs.org/extend/-/extend-3.0.2.tgz",
      "integrity": "sha512-fjquC59cD7CyW6urNXK0FBufkZcoiGG80wTuPujX590cB5Ttln20E2UB4S/WARVqhXffZl2LNgS+gQdPIIim/g==",
      "dev": true
    },
    "github-slugger": {
      "version": "1.2.1",
      "resolved": "https://registry.npmjs.org/github-slugger/-/github-slugger-1.2.1.tgz",
      "integrity": "sha512-SsZUjg/P03KPzQBt7OxJPasGw6NRO5uOgiZ5RGXVud5iSIZ0eNZeNp5rTwCxtavrRUa/A77j8mePVc5lEvk0KQ==",
      "dev": true,
      "requires": {
        "emoji-regex": ">=6.0.0 <=6.1.1"
      }
    },
    "hast-util-is-element": {
      "version": "1.0.3",
      "resolved": "https://registry.npmjs.org/hast-util-is-element/-/hast-util-is-element-1.0.3.tgz",
      "integrity": "sha512-C62CVn7jbjp89yOhhy7vrkSaB7Vk906Gtcw/Ihd+Iufnq+2pwOZjdPmpzpKLWJXPJBMDX3wXg4FqmdOayPcewA==",
      "dev": true
    },
    "hast-util-sanitize": {
      "version": "2.0.1",
      "resolved": "https://registry.npmjs.org/hast-util-sanitize/-/hast-util-sanitize-2.0.1.tgz",
      "integrity": "sha512-Hk9YC6+HURcdNuBFaPP5nX6xK6zPnm0Dr6QnU4hvvXoStzH5nLI1u71wux6u3fbEQk3/+kTEIcyxRtCA0jt9RA==",
      "dev": true,
      "requires": {
        "xtend": "^4.0.1"
      }
    },
    "hast-util-to-html": {
      "version": "6.0.2",
      "resolved": "https://registry.npmjs.org/hast-util-to-html/-/hast-util-to-html-6.0.2.tgz",
      "integrity": "sha512-oiQzGHtjT6ZLhszCY89kCxGCo9O+YuPUHluv36fzp7Hv/E1W4428PgzcQAKlPUzbHAt3ELoPCSrYLWl8fQw7Ag==",
      "dev": true,
      "requires": {
        "ccount": "^1.0.0",
        "comma-separated-tokens": "^1.0.1",
        "hast-util-is-element": "^1.0.0",
        "hast-util-whitespace": "^1.0.0",
        "html-void-elements": "^1.0.0",
        "property-information": "^5.2.0",
        "space-separated-tokens": "^1.0.0",
        "stringify-entities": "^2.0.0",
        "unist-util-is": "^3.0.0",
        "xtend": "^4.0.1"
      }
    },
    "hast-util-whitespace": {
      "version": "1.0.3",
      "resolved": "https://registry.npmjs.org/hast-util-whitespace/-/hast-util-whitespace-1.0.3.tgz",
      "integrity": "sha512-AlkYiLTTwPOyxZ8axq2/bCwRUPjIPBfrHkXuCR92B38b3lSdU22R5F/Z4DL6a2kxWpekWq1w6Nj48tWat6GeRA==",
      "dev": true
    },
    "html-void-elements": {
      "version": "1.0.4",
      "resolved": "https://registry.npmjs.org/html-void-elements/-/html-void-elements-1.0.4.tgz",
      "integrity": "sha512-yMk3naGPLrfvUV9TdDbuYXngh/TpHbA6TrOw3HL9kS8yhwx7i309BReNg7CbAJXGE+UMJ6je5OqJ7lC63o6YuQ==",
      "dev": true
    },
    "inherits": {
      "version": "2.0.4",
      "resolved": "https://registry.npmjs.org/inherits/-/inherits-2.0.4.tgz",
      "integrity": "sha512-k/vGaX4/Yla3WzyMCvTQOXYeIHvqOKtnqBduzTHpzpQZzAskKMhZ2K+EnBiSM9zGSoIFeMpXKxa4dYeZIQqewQ==",
      "dev": true
    },
    "irregular-plurals": {
      "version": "2.0.0",
      "resolved": "https://registry.npmjs.org/irregular-plurals/-/irregular-plurals-2.0.0.tgz",
      "integrity": "sha512-Y75zBYLkh0lJ9qxeHlMjQ7bSbyiSqNW/UOPWDmzC7cXskL1hekSITh1Oc6JV0XCWWZ9DE8VYSB71xocLk3gmGw==",
      "dev": true
    },
    "is-alphabetical": {
      "version": "1.0.3",
      "resolved": "https://registry.npmjs.org/is-alphabetical/-/is-alphabetical-1.0.3.tgz",
      "integrity": "sha512-eEMa6MKpHFzw38eKm56iNNi6GJ7lf6aLLio7Kr23sJPAECscgRtZvOBYybejWDQ2bM949Y++61PY+udzj5QMLA==",
      "dev": true
    },
    "is-alphanumeric": {
      "version": "1.0.0",
      "resolved": "https://registry.npmjs.org/is-alphanumeric/-/is-alphanumeric-1.0.0.tgz",
      "integrity": "sha1-Spzvcdr0wAHB2B1j0UDPU/1oifQ=",
      "dev": true
    },
    "is-alphanumerical": {
      "version": "1.0.3",
      "resolved": "https://registry.npmjs.org/is-alphanumerical/-/is-alphanumerical-1.0.3.tgz",
      "integrity": "sha512-A1IGAPO5AW9vSh7omxIlOGwIqEvpW/TA+DksVOPM5ODuxKlZS09+TEM1E3275lJqO2oJ38vDpeAL3DCIiHE6eA==",
      "dev": true,
      "requires": {
        "is-alphabetical": "^1.0.0",
        "is-decimal": "^1.0.0"
      }
    },
    "is-buffer": {
      "version": "2.0.3",
      "resolved": "https://registry.npmjs.org/is-buffer/-/is-buffer-2.0.3.tgz",
      "integrity": "sha512-U15Q7MXTuZlrbymiz95PJpZxu8IlipAp4dtS3wOdgPXx3mqBnslrWU14kxfHB+Py/+2PVKSr37dMAgM2A4uArw==",
      "dev": true
    },
    "is-decimal": {
      "version": "1.0.3",
      "resolved": "https://registry.npmjs.org/is-decimal/-/is-decimal-1.0.3.tgz",
      "integrity": "sha512-bvLSwoDg2q6Gf+E2LEPiklHZxxiSi3XAh4Mav65mKqTfCO1HM3uBs24TjEH8iJX3bbDdLXKJXBTmGzuTUuAEjQ==",
      "dev": true
    },
    "is-hexadecimal": {
      "version": "1.0.3",
      "resolved": "https://registry.npmjs.org/is-hexadecimal/-/is-hexadecimal-1.0.3.tgz",
      "integrity": "sha512-zxQ9//Q3D/34poZf8fiy3m3XVpbQc7ren15iKqrTtLPwkPD/t3Scy9Imp63FujULGxuK0ZlCwoo5xNpktFgbOA==",
      "dev": true
    },
    "is-plain-obj": {
      "version": "2.0.0",
      "resolved": "https://registry.npmjs.org/is-plain-obj/-/is-plain-obj-2.0.0.tgz",
      "integrity": "sha512-EYisGhpgSCwspmIuRHGjROWTon2Xp8Z7U03Wubk/bTL5TTRC5R1rGVgyjzBrk9+ULdH6cRD06KRcw/xfqhVYKQ==",
      "dev": true
    },
    "is-whitespace-character": {
      "version": "1.0.3",
      "resolved": "https://registry.npmjs.org/is-whitespace-character/-/is-whitespace-character-1.0.3.tgz",
      "integrity": "sha512-SNPgMLz9JzPccD3nPctcj8sZlX9DAMJSKH8bP7Z6bohCwuNgX8xbWr1eTAYXX9Vpi/aSn8Y1akL9WgM3t43YNQ==",
      "dev": true
    },
    "is-word-character": {
      "version": "1.0.3",
      "resolved": "https://registry.npmjs.org/is-word-character/-/is-word-character-1.0.3.tgz",
      "integrity": "sha512-0wfcrFgOOOBdgRNT9H33xe6Zi6yhX/uoc4U8NBZGeQQB0ctU1dnlNTyL9JM2646bHDTpsDm1Brb3VPoCIMrd/A==",
      "dev": true
    },
    "longest-streak": {
      "version": "2.0.3",
      "resolved": "https://registry.npmjs.org/longest-streak/-/longest-streak-2.0.3.tgz",
      "integrity": "sha512-9lz5IVdpwsKLMzQi0MQ+oD9EA0mIGcWYP7jXMTZVXP8D42PwuAk+M/HBFYQoxt1G5OR8m7aSIgb1UymfWGBWEw==",
      "dev": true
    },
    "markdown-escapes": {
      "version": "1.0.3",
      "resolved": "https://registry.npmjs.org/markdown-escapes/-/markdown-escapes-1.0.3.tgz",
      "integrity": "sha512-XUi5HJhhV5R74k8/0H2oCbCiYf/u4cO/rX8tnGkRvrqhsr5BRNU6Mg0yt/8UIx1iIS8220BNJsDb7XnILhLepw==",
      "dev": true
    },
    "markdown-table": {
      "version": "1.1.3",
      "resolved": "https://registry.npmjs.org/markdown-table/-/markdown-table-1.1.3.tgz",
      "integrity": "sha512-1RUZVgQlpJSPWYbFSpmudq5nHY1doEIv89gBtF0s4gW1GF2XorxcA/70M5vq7rLv0a6mhOUccRsqkwhwLCIQ2Q==",
      "dev": true
    },
    "mdast-comment-marker": {
      "version": "1.1.1",
      "resolved": "https://registry.npmjs.org/mdast-comment-marker/-/mdast-comment-marker-1.1.1.tgz",
      "integrity": "sha512-TWZDaUtPLwKX1pzDIY48MkSUQRDwX/HqbTB4m3iYdL/zosi/Z6Xqfdv0C0hNVKvzrPjZENrpWDt4p4odeVO0Iw==",
      "dev": true
    },
    "mdast-util-compact": {
      "version": "1.0.3",
      "resolved": "https://registry.npmjs.org/mdast-util-compact/-/mdast-util-compact-1.0.3.tgz",
      "integrity": "sha512-nRiU5GpNy62rZppDKbLwhhtw5DXoFMqw9UNZFmlPsNaQCZ//WLjGKUwWMdJrUH+Se7UvtO2gXtAMe0g/N+eI5w==",
      "dev": true,
      "requires": {
        "unist-util-visit": "^1.1.0"
      }
    },
    "mdast-util-definitions": {
      "version": "1.2.4",
      "resolved": "https://registry.npmjs.org/mdast-util-definitions/-/mdast-util-definitions-1.2.4.tgz",
      "integrity": "sha512-HfUArPog1j4Z78Xlzy9Q4aHLnrF/7fb57cooTHypyGoe2XFNbcx/kWZDoOz+ra8CkUzvg3+VHV434yqEd1DRmA==",
      "dev": true,
      "requires": {
        "unist-util-visit": "^1.0.0"
      }
    },
    "mdast-util-heading-style": {
      "version": "1.0.5",
      "resolved": "https://registry.npmjs.org/mdast-util-heading-style/-/mdast-util-heading-style-1.0.5.tgz",
      "integrity": "sha512-8zQkb3IUwiwOdUw6jIhnwM6DPyib+mgzQuHAe7j2Hy1rIarU4VUxe472bp9oktqULW3xqZE+Kz6OD4Gi7IA3vw==",
      "dev": true
    },
    "mdast-util-to-hast": {
      "version": "6.0.2",
      "resolved": "https://registry.npmjs.org/mdast-util-to-hast/-/mdast-util-to-hast-6.0.2.tgz",
      "integrity": "sha512-GjcOimC9qHI0yNFAQdBesrZXzUkRdFleQlcoU8+TVNfDW6oLUazUx8MgUoTaUyCJzBOnE5AOgqhpURrSlf0QwQ==",
      "dev": true,
      "requires": {
        "collapse-white-space": "^1.0.0",
        "detab": "^2.0.0",
        "mdast-util-definitions": "^1.2.0",
        "mdurl": "^1.0.1",
        "trim": "0.0.1",
        "trim-lines": "^1.0.0",
        "unist-builder": "^1.0.1",
        "unist-util-generated": "^1.1.0",
        "unist-util-position": "^3.0.0",
        "unist-util-visit": "^1.1.0",
        "xtend": "^4.0.1"
      }
    },
    "mdast-util-to-string": {
      "version": "1.0.6",
      "resolved": "https://registry.npmjs.org/mdast-util-to-string/-/mdast-util-to-string-1.0.6.tgz",
      "integrity": "sha512-868pp48gUPmZIhfKrLbaDneuzGiw3OTDjHc5M1kAepR2CWBJ+HpEsm252K4aXdiP5coVZaJPOqGtVU6Po8xnXg==",
      "dev": true
    },
    "mdast-util-toc": {
      "version": "4.2.0",
      "resolved": "https://registry.npmjs.org/mdast-util-toc/-/mdast-util-toc-4.2.0.tgz",
      "integrity": "sha512-BEbxg3GtAsvswmV9bMAV/WJA7v0CsG5tYk90xnTlIeCnnBKD6Cof3KEg/K3xQ1O2FRyJKMWkgKZB2mpnOjA0tg==",
      "dev": true,
      "requires": {
        "extend": "^3.0.2",
        "github-slugger": "^1.2.1",
        "mdast-util-to-string": "^1.0.5",
        "unist-util-is": "^3.0.0",
        "unist-util-visit": "^1.1.0"
      }
    },
    "mdurl": {
      "version": "1.0.1",
      "resolved": "https://registry.npmjs.org/mdurl/-/mdurl-1.0.1.tgz",
      "integrity": "sha1-/oWy7HWlkDfyrf7BAP1sYBdhFS4=",
      "dev": true
    },
    "object-assign": {
      "version": "4.1.1",
      "resolved": "https://registry.npmjs.org/object-assign/-/object-assign-4.1.1.tgz",
      "integrity": "sha1-IQmtx5ZYh8/AXLvUQsrIv7s2CGM=",
      "dev": true
    },
    "parse-entities": {
      "version": "1.2.2",
      "resolved": "https://registry.npmjs.org/parse-entities/-/parse-entities-1.2.2.tgz",
      "integrity": "sha512-NzfpbxW/NPrzZ/yYSoQxyqUZMZXIdCfE0OIN4ESsnptHJECoUk3FZktxNuzQf4tjt5UEopnxpYJbvYuxIFDdsg==",
      "dev": true,
      "requires": {
        "character-entities": "^1.0.0",
        "character-entities-legacy": "^1.0.0",
        "character-reference-invalid": "^1.0.0",
        "is-alphanumerical": "^1.0.0",
        "is-decimal": "^1.0.0",
        "is-hexadecimal": "^1.0.0"
      }
    },
    "plur": {
      "version": "3.1.1",
      "resolved": "https://registry.npmjs.org/plur/-/plur-3.1.1.tgz",
      "integrity": "sha512-t1Ax8KUvV3FFII8ltczPn2tJdjqbd1sIzu6t4JL7nQ3EyeL/lTrj5PWKb06ic5/6XYDr65rQ4uzQEGN70/6X5w==",
      "dev": true,
      "requires": {
        "irregular-plurals": "^2.0.0"
      }
    },
    "property-information": {
      "version": "5.2.2",
      "resolved": "https://registry.npmjs.org/property-information/-/property-information-5.2.2.tgz",
      "integrity": "sha512-N2moasZmjn2mjVGIWpaqz5qnz6QyeQSGgGvMtl81gA9cPTWa6wpesRSe/quNnOjUHpvSH1oZx0pdz0EEckLFnA==",
      "dev": true,
      "requires": {
        "xtend": "^4.0.1"
      }
    },
    "remark": {
      "version": "11.0.1",
      "resolved": "https://registry.npmjs.org/remark/-/remark-11.0.1.tgz",
      "integrity": "sha512-Fl2AvN+yU6sOBAjUz3xNC5iEvLkXV8PZicLOOLifjU8uKGusNvhHfGRCfETsqyvRHZ24JXqEyDY4hRLhoUd30A==",
      "dev": true,
      "requires": {
        "remark-parse": "^7.0.0",
        "remark-stringify": "^7.0.0",
        "unified": "^8.2.0"
      }
    },
    "remark-html": {
      "version": "10.0.0",
      "resolved": "https://registry.npmjs.org/remark-html/-/remark-html-10.0.0.tgz",
      "integrity": "sha512-TbSQuedRFjAhXSk1NAbfaTqDK0jKAjfgn82D2ZYFFT8XpJ80uwXc8yVwK/Tl2eqboTMPxzNzCIss4kIucE5M8w==",
      "dev": true,
      "requires": {
        "hast-util-sanitize": "^2.0.0",
        "hast-util-to-html": "^6.0.0",
        "mdast-util-to-hast": "^6.0.0",
        "xtend": "^4.0.1"
      }
    },
    "remark-lint": {
      "version": "6.0.5",
      "resolved": "https://registry.npmjs.org/remark-lint/-/remark-lint-6.0.5.tgz",
      "integrity": "sha512-o1I3ddm+KNsTxk60wWGI+p2yU1jB1gcm8jo2Sy6VhJ4ab2TrQIp1oQbp5xeLoFXYSh/NAqCpKjHkCM/BYpkFdQ==",
      "dev": true,
      "requires": {
        "remark-message-control": "^4.0.0"
      }
    },
    "remark-lint-final-newline": {
      "version": "1.0.3",
      "resolved": "https://registry.npmjs.org/remark-lint-final-newline/-/remark-lint-final-newline-1.0.3.tgz",
      "integrity": "sha512-ETAadktv75EwUS3XDhyZUVstXKxfPAEn7SmfN9kZ4+Jb4qo4hHE9gtTOzhE6HxLUxxl9BBhpC5mMO3JcL8UZ5A==",
      "dev": true,
      "requires": {
        "unified-lint-rule": "^1.0.0"
      }
    },
    "remark-lint-hard-break-spaces": {
      "version": "1.0.4",
      "resolved": "https://registry.npmjs.org/remark-lint-hard-break-spaces/-/remark-lint-hard-break-spaces-1.0.4.tgz",
      "integrity": "sha512-YM82UpgliZCZhGNmFxEe7ArfhqR5CplFf2bc0k0+8w3rKWKx7EJcGMar2NK410tIi40gGeWtH/pIEypPJFCCiA==",
      "dev": true,
      "requires": {
        "unified-lint-rule": "^1.0.0",
        "unist-util-generated": "^1.1.0",
        "unist-util-position": "^3.0.0",
        "unist-util-visit": "^1.1.1"
      }
    },
    "remark-lint-list-item-bullet-indent": {
      "version": "1.0.3",
      "resolved": "https://registry.npmjs.org/remark-lint-list-item-bullet-indent/-/remark-lint-list-item-bullet-indent-1.0.3.tgz",
      "integrity": "sha512-iVxQbrgzLpMHG3C6o6wRta/+Bc96etOiBYJnh2zm/aWz6DJ7cGLDykngblP/C4he7LYSeWOD/8Y57HbXZwM2Og==",
      "dev": true,
      "requires": {
        "plur": "^3.0.0",
        "unified-lint-rule": "^1.0.0",
        "unist-util-generated": "^1.1.0",
        "unist-util-position": "^3.0.0",
        "unist-util-visit": "^1.1.1"
      }
    },
    "remark-lint-list-item-indent": {
      "version": "1.0.4",
      "resolved": "https://registry.npmjs.org/remark-lint-list-item-indent/-/remark-lint-list-item-indent-1.0.4.tgz",
      "integrity": "sha512-Sv0gVH6qP1/nFpbJuyyguB9sAD2o42StD2WbEZeUcEexXwRO4u/YaX0Pm5pMtCiEHyN+qyL6ShKBQMtgol9BeA==",
      "dev": true,
      "requires": {
        "plur": "^3.0.0",
        "unified-lint-rule": "^1.0.0",
        "unist-util-generated": "^1.1.0",
        "unist-util-position": "^3.0.0",
        "unist-util-visit": "^1.1.1"
      }
    },
    "remark-lint-no-auto-link-without-protocol": {
      "version": "1.0.3",
      "resolved": "https://registry.npmjs.org/remark-lint-no-auto-link-without-protocol/-/remark-lint-no-auto-link-without-protocol-1.0.3.tgz",
      "integrity": "sha512-k+hg2mXnO4Q9WV+UShPLen5oThvFxcRVWkx2hviVd/nu3eiszBKH3o38csBwjeJoMG3l2ZhdUW8dlOBhq8670Q==",
      "dev": true,
      "requires": {
        "mdast-util-to-string": "^1.0.2",
        "unified-lint-rule": "^1.0.0",
        "unist-util-generated": "^1.1.0",
        "unist-util-position": "^3.0.0",
        "unist-util-visit": "^1.1.1"
      }
    },
    "remark-lint-no-blockquote-without-marker": {
      "version": "2.0.3",
      "resolved": "https://registry.npmjs.org/remark-lint-no-blockquote-without-marker/-/remark-lint-no-blockquote-without-marker-2.0.3.tgz",
      "integrity": "sha512-faDzKrA6aKidsRXG6gcIlCO8TexLxIxe+n9B3mdnl8mhZGgE0FfWTkIWVMj0IYps/xVsVMf45KxhXgc1wU9kwg==",
      "dev": true,
      "requires": {
        "unified-lint-rule": "^1.0.0",
        "unist-util-generated": "^1.1.0",
        "unist-util-position": "^3.0.0",
        "unist-util-visit": "^1.1.1",
        "vfile-location": "^2.0.1"
      }
    },
    "remark-lint-no-duplicate-definitions": {
      "version": "1.0.5",
      "resolved": "https://registry.npmjs.org/remark-lint-no-duplicate-definitions/-/remark-lint-no-duplicate-definitions-1.0.5.tgz",
      "integrity": "sha512-zKXmfNUODXhJsGQdqfguMG9Nl9v1sLaDsQgMjUtmOSoQRnNud9ThQAZl62eX5jBn5HKcpOifG80tgkyBvU5eEw==",
      "dev": true,
      "requires": {
        "unified-lint-rule": "^1.0.0",
        "unist-util-generated": "^1.1.0",
        "unist-util-position": "^3.0.0",
        "unist-util-stringify-position": "^2.0.0",
        "unist-util-visit": "^1.4.0"
      }
    },
    "remark-lint-no-heading-content-indent": {
      "version": "1.0.3",
      "resolved": "https://registry.npmjs.org/remark-lint-no-heading-content-indent/-/remark-lint-no-heading-content-indent-1.0.3.tgz",
      "integrity": "sha512-7xM6X5E/dt8OXOHdejH+sfYb139a3kMr8ZSSkcp90Ab1y+ZQBNaWsR3mYh8FRKkYPTN5eyd+KjhNpLWyqqCbgg==",
      "dev": true,
      "requires": {
        "mdast-util-heading-style": "^1.0.2",
        "plur": "^3.0.0",
        "unified-lint-rule": "^1.0.0",
        "unist-util-generated": "^1.1.0",
        "unist-util-position": "^3.0.0",
        "unist-util-visit": "^1.1.1"
      }
    },
    "remark-lint-no-inline-padding": {
      "version": "1.0.4",
      "resolved": "https://registry.npmjs.org/remark-lint-no-inline-padding/-/remark-lint-no-inline-padding-1.0.4.tgz",
      "integrity": "sha512-u5rgbDkcfVv645YxxOwoGBBJbsHEwWm/XqnO8EhfKTxkfKOF4ZItG7Ajhj89EDaeXMkvCcB/avBl4bj50eJH3g==",
      "dev": true,
      "requires": {
        "mdast-util-to-string": "^1.0.2",
        "unified-lint-rule": "^1.0.0",
        "unist-util-generated": "^1.1.0",
        "unist-util-visit": "^1.4.0"
      }
    },
    "remark-lint-no-literal-urls": {
      "version": "1.0.3",
      "resolved": "https://registry.npmjs.org/remark-lint-no-literal-urls/-/remark-lint-no-literal-urls-1.0.3.tgz",
      "integrity": "sha512-H5quyMzl2kaewK+jYD1FI0G1SIinIsIp4DEyOUwIR+vYUoKwo0B4vvW0cmPpD1dgqqxHYx0B2B0JQQKFVWzGiw==",
      "dev": true,
      "requires": {
        "mdast-util-to-string": "^1.0.2",
        "unified-lint-rule": "^1.0.0",
        "unist-util-generated": "^1.1.0",
        "unist-util-position": "^3.0.0",
        "unist-util-visit": "^1.1.1"
      }
    },
    "remark-lint-no-shortcut-reference-image": {
      "version": "1.0.3",
      "resolved": "https://registry.npmjs.org/remark-lint-no-shortcut-reference-image/-/remark-lint-no-shortcut-reference-image-1.0.3.tgz",
      "integrity": "sha512-CGm27X54kXp/5ehXejDTsZjqzK4uIhLGcrFzN3k/KjdwunQouEY92AARGrLSEuJ1hQx0bJsmnvr/hvQyWAfNJg==",
      "dev": true,
      "requires": {
        "unified-lint-rule": "^1.0.0",
        "unist-util-generated": "^1.1.0",
        "unist-util-visit": "^1.1.1"
      }
    },
    "remark-lint-no-shortcut-reference-link": {
      "version": "1.0.4",
      "resolved": "https://registry.npmjs.org/remark-lint-no-shortcut-reference-link/-/remark-lint-no-shortcut-reference-link-1.0.4.tgz",
      "integrity": "sha512-FXdMJYqspZBhPlxYqfVgVluVXjxStg0RHJzqrk8G9wS8fCS62AE3reoaoiCahwoH1tfKcA+poktbKqDAmZo7Jg==",
      "dev": true,
      "requires": {
        "unified-lint-rule": "^1.0.0",
        "unist-util-generated": "^1.1.0",
        "unist-util-visit": "^1.1.1"
      }
    },
    "remark-lint-no-undefined-references": {
      "version": "1.1.1",
      "resolved": "https://registry.npmjs.org/remark-lint-no-undefined-references/-/remark-lint-no-undefined-references-1.1.1.tgz",
      "integrity": "sha512-b1eIjWFaCu6m16Ax2uG33o1v+eRYqDTQRUqU6UeQ76JXmDmVtVO75ZuyRpqqE7VTZRW8YLVurXfJPDXfIa5Wng==",
      "dev": true,
      "requires": {
        "collapse-white-space": "^1.0.4",
        "unified-lint-rule": "^1.0.0",
        "unist-util-generated": "^1.1.0",
        "unist-util-visit": "^1.4.0"
      }
    },
    "remark-lint-no-unused-definitions": {
      "version": "1.0.5",
      "resolved": "https://registry.npmjs.org/remark-lint-no-unused-definitions/-/remark-lint-no-unused-definitions-1.0.5.tgz",
      "integrity": "sha512-Bo22e0RNzc1QMW317KTuStGFDG7uTDUQhm/TrW6Qzud0WXnNnqUyvts+e7wTYoj8VnwhhjyjyoA9lKA3uXMdAQ==",
      "dev": true,
      "requires": {
        "unified-lint-rule": "^1.0.0",
        "unist-util-generated": "^1.1.0",
        "unist-util-visit": "^1.4.0"
      }
    },
    "remark-lint-ordered-list-marker-style": {
      "version": "1.0.3",
      "resolved": "https://registry.npmjs.org/remark-lint-ordered-list-marker-style/-/remark-lint-ordered-list-marker-style-1.0.3.tgz",
      "integrity": "sha512-24TmW1eUa/2JlwprZg9jJ8LKLxNGKnlKiI5YOhN4taUp2yv8daqlV9vR54yfn/ZZQh6EQvbIX0jeVY9NYgQUtw==",
      "dev": true,
      "requires": {
        "unified-lint-rule": "^1.0.0",
        "unist-util-generated": "^1.1.0",
        "unist-util-position": "^3.0.0",
        "unist-util-visit": "^1.1.1"
      }
    },
    "remark-message-control": {
      "version": "4.2.0",
      "resolved": "https://registry.npmjs.org/remark-message-control/-/remark-message-control-4.2.0.tgz",
      "integrity": "sha512-WXH2t5ljTyhsXlK1zPBLF3iPHbXl58R94phPMreS1xcHWBZJt6Oiu8RtNjy1poZFb3PqKnbYLJeR/CWcZ1bTFw==",
      "dev": true,
      "requires": {
        "mdast-comment-marker": "^1.0.0",
        "unified-message-control": "^1.0.0",
        "xtend": "^4.0.1"
      }
    },
    "remark-parse": {
      "version": "7.0.1",
      "resolved": "https://registry.npmjs.org/remark-parse/-/remark-parse-7.0.1.tgz",
      "integrity": "sha512-WOZLa545jYXtSy+txza6ACudKWByQac4S2DmGk+tAGO/3XnVTOxwyCIxB7nTcLlk8Aayhcuf3cV1WV6U6L7/DQ==",
      "dev": true,
      "requires": {
        "collapse-white-space": "^1.0.2",
        "is-alphabetical": "^1.0.0",
        "is-decimal": "^1.0.0",
        "is-whitespace-character": "^1.0.0",
        "is-word-character": "^1.0.0",
        "markdown-escapes": "^1.0.0",
        "parse-entities": "^1.1.0",
        "repeat-string": "^1.5.4",
        "state-toggle": "^1.0.0",
        "trim": "0.0.1",
        "trim-trailing-lines": "^1.0.0",
        "unherit": "^1.0.4",
        "unist-util-remove-position": "^1.0.0",
        "vfile-location": "^2.0.0",
        "xtend": "^4.0.1"
      }
    },
    "remark-preset-lint-recommended": {
      "version": "3.0.3",
      "resolved": "https://registry.npmjs.org/remark-preset-lint-recommended/-/remark-preset-lint-recommended-3.0.3.tgz",
      "integrity": "sha512-5sQ34j1Irlsj6Tt4WWRylZ7UU+1jD5es/LfDZBZp/LXDwC4ldGqKpMmCCR6Z00x1jYM1phmS4M+eGqTdah0qkQ==",
      "dev": true,
      "requires": {
        "remark-lint": "^6.0.0",
        "remark-lint-final-newline": "^1.0.0",
        "remark-lint-hard-break-spaces": "^1.0.0",
        "remark-lint-list-item-bullet-indent": "^1.0.0",
        "remark-lint-list-item-indent": "^1.0.0",
        "remark-lint-no-auto-link-without-protocol": "^1.0.0",
        "remark-lint-no-blockquote-without-marker": "^2.0.0",
        "remark-lint-no-duplicate-definitions": "^1.0.0",
        "remark-lint-no-heading-content-indent": "^1.0.0",
        "remark-lint-no-inline-padding": "^1.0.0",
        "remark-lint-no-literal-urls": "^1.0.0",
        "remark-lint-no-shortcut-reference-image": "^1.0.0",
        "remark-lint-no-shortcut-reference-link": "^1.0.0",
        "remark-lint-no-undefined-references": "^1.0.0",
        "remark-lint-no-unused-definitions": "^1.0.0",
        "remark-lint-ordered-list-marker-style": "^1.0.0"
      }
    },
    "remark-slug": {
      "version": "5.1.2",
      "resolved": "https://registry.npmjs.org/remark-slug/-/remark-slug-5.1.2.tgz",
      "integrity": "sha512-DWX+Kd9iKycqyD+/B+gEFO3jjnt7Yg1O05lygYSNTe5i5PIxxxPjp5qPBDxPIzp5wreF7+1ROCwRgjEcqmzr3A==",
      "dev": true,
      "requires": {
        "github-slugger": "^1.0.0",
        "mdast-util-to-string": "^1.0.0",
        "unist-util-visit": "^1.0.0"
      }
    },
    "remark-stringify": {
      "version": "7.0.3",
      "resolved": "https://registry.npmjs.org/remark-stringify/-/remark-stringify-7.0.3.tgz",
      "integrity": "sha512-+jgmjNjm2kR7y2Ns1BATXRlFr+iQ7sDcpSgytfU77nkw7UCd5yJNArSxB3MU3Uul7HuyYNTCjetoGfy8xLia1A==",
      "dev": true,
      "requires": {
        "ccount": "^1.0.0",
        "is-alphanumeric": "^1.0.0",
        "is-decimal": "^1.0.0",
        "is-whitespace-character": "^1.0.0",
        "longest-streak": "^2.0.1",
        "markdown-escapes": "^1.0.0",
        "markdown-table": "^1.1.0",
        "mdast-util-compact": "^1.0.0",
        "parse-entities": "^1.0.2",
        "repeat-string": "^1.5.4",
        "state-toggle": "^1.0.0",
        "stringify-entities": "^2.0.0",
        "unherit": "^1.0.4",
        "xtend": "^4.0.1"
      }
    },
    "remark-toc": {
      "version": "6.0.0",
      "resolved": "https://registry.npmjs.org/remark-toc/-/remark-toc-6.0.0.tgz",
      "integrity": "sha512-h3I79AOiza+/JzfeWPOfKE13ISVsgX7/huHvhYQG5Xe4Pe2U/CTXDSl0Dqr5O2hBub+gBS1kM1lEALk4jv7qBA==",
      "dev": true,
      "requires": {
        "mdast-util-toc": "^4.0.0"
      }
    },
    "repeat-string": {
      "version": "1.6.1",
      "resolved": "https://registry.npmjs.org/repeat-string/-/repeat-string-1.6.1.tgz",
      "integrity": "sha1-jcrkcOHIirwtYA//Sndihtp15jc=",
      "dev": true
    },
    "replace-ext": {
      "version": "1.0.0",
      "resolved": "https://registry.npmjs.org/replace-ext/-/replace-ext-1.0.0.tgz",
      "integrity": "sha1-3mMSg3P8v3w8z6TeWkgMRaZ5WOs=",
      "dev": true
    },
    "sliced": {
      "version": "1.0.1",
      "resolved": "https://registry.npmjs.org/sliced/-/sliced-1.0.1.tgz",
      "integrity": "sha1-CzpmK10Ewxd7GSa+qCsD+Dei70E=",
      "dev": true
    },
    "space-separated-tokens": {
      "version": "1.1.4",
      "resolved": "https://registry.npmjs.org/space-separated-tokens/-/space-separated-tokens-1.1.4.tgz",
      "integrity": "sha512-UyhMSmeIqZrQn2UdjYpxEkwY9JUrn8pP+7L4f91zRzOQuI8MF1FGLfYU9DKCYeLdo7LXMxwrX5zKFy7eeeVHuA==",
      "dev": true
    },
    "state-toggle": {
      "version": "1.0.2",
      "resolved": "https://registry.npmjs.org/state-toggle/-/state-toggle-1.0.2.tgz",
      "integrity": "sha512-8LpelPGR0qQM4PnfLiplOQNJcIN1/r2Gy0xKB2zKnIW2YzPMt2sR4I/+gtPjhN7Svh9kw+zqEg2SFwpBO9iNiw==",
      "dev": true
    },
    "stringify-entities": {
      "version": "2.0.0",
      "resolved": "https://registry.npmjs.org/stringify-entities/-/stringify-entities-2.0.0.tgz",
      "integrity": "sha512-fqqhZzXyAM6pGD9lky/GOPq6V4X0SeTAFBl0iXb/BzOegl40gpf/bV3QQP7zULNYvjr6+Dx8SCaDULjVoOru0A==",
      "dev": true,
      "requires": {
        "character-entities-html4": "^1.0.0",
        "character-entities-legacy": "^1.0.0",
        "is-alphanumerical": "^1.0.0",
        "is-decimal": "^1.0.2",
        "is-hexadecimal": "^1.0.0"
      }
    },
    "trim": {
      "version": "0.0.1",
      "resolved": "https://registry.npmjs.org/trim/-/trim-0.0.1.tgz",
      "integrity": "sha1-WFhUf2spB1fulczMZm+1AITEYN0=",
      "dev": true
    },
    "trim-lines": {
      "version": "1.1.2",
      "resolved": "https://registry.npmjs.org/trim-lines/-/trim-lines-1.1.2.tgz",
      "integrity": "sha512-3GOuyNeTqk3FAqc3jOJtw7FTjYl94XBR5aD9QnDbK/T4CA9sW/J0l9RoaRPE9wyPP7NF331qnHnvJFBJ+IDkmQ==",
      "dev": true
    },
    "trim-trailing-lines": {
      "version": "1.1.2",
      "resolved": "https://registry.npmjs.org/trim-trailing-lines/-/trim-trailing-lines-1.1.2.tgz",
      "integrity": "sha512-MUjYItdrqqj2zpcHFTkMa9WAv4JHTI6gnRQGPFLrt5L9a6tRMiDnIqYl8JBvu2d2Tc3lWJKQwlGCp0K8AvCM+Q==",
      "dev": true
    },
    "trough": {
      "version": "1.0.4",
      "resolved": "https://registry.npmjs.org/trough/-/trough-1.0.4.tgz",
      "integrity": "sha512-tdzBRDGWcI1OpPVmChbdSKhvSVurznZ8X36AYURAcl+0o2ldlCY2XPzyXNNxwJwwyIU+rIglTCG4kxtNKBQH7Q==",
      "dev": true
    },
    "unherit": {
      "version": "1.1.2",
      "resolved": "https://registry.npmjs.org/unherit/-/unherit-1.1.2.tgz",
      "integrity": "sha512-W3tMnpaMG7ZY6xe/moK04U9fBhi6wEiCYHUW5Mop/wQHf12+79EQGwxYejNdhEz2mkqkBlGwm7pxmgBKMVUj0w==",
      "dev": true,
      "requires": {
        "inherits": "^2.0.1",
        "xtend": "^4.0.1"
      }
    },
    "unified": {
      "version": "8.4.0",
      "resolved": "https://registry.npmjs.org/unified/-/unified-8.4.0.tgz",
      "integrity": "sha512-hQqeCrzqqS3vk8WbvbjYgaxe9WqmZF32Y3lz/kY5A8/5RdJbxoa4yOIAYpSEvqii9n2MTI2OL1+ByoVJYLhlUg==",
      "dev": true,
      "requires": {
        "bail": "^1.0.0",
        "extend": "^3.0.0",
        "is-plain-obj": "^2.0.0",
        "trough": "^1.0.0",
        "vfile": "^4.0.0"
      }
    },
    "unified-lint-rule": {
      "version": "1.0.4",
      "resolved": "https://registry.npmjs.org/unified-lint-rule/-/unified-lint-rule-1.0.4.tgz",
      "integrity": "sha512-q9wY6S+d38xRAuWQVOMjBQYi7zGyKkY23ciNafB8JFVmDroyKjtytXHCg94JnhBCXrNqpfojo3+8D+gmF4zxJQ==",
      "dev": true,
      "requires": {
        "wrapped": "^1.0.1"
      }
    },
    "unified-message-control": {
      "version": "1.0.4",
      "resolved": "https://registry.npmjs.org/unified-message-control/-/unified-message-control-1.0.4.tgz",
      "integrity": "sha512-e1dEtN4Z/TvLn/qHm+xeZpzqhJTtfZusFErk336kkZVpqrJYiV9ptxq+SbRPFMlN0OkjDYHmVJ929KYjsMTo3g==",
      "dev": true,
      "requires": {
        "trim": "0.0.1",
        "unist-util-visit": "^1.0.0",
        "vfile-location": "^2.0.0"
      }
    },
    "unist-builder": {
      "version": "1.0.4",
      "resolved": "https://registry.npmjs.org/unist-builder/-/unist-builder-1.0.4.tgz",
      "integrity": "sha512-v6xbUPP7ILrT15fHGrNyHc1Xda8H3xVhP7/HAIotHOhVPjH5dCXA097C3Rry1Q2O+HbOLCao4hfPB+EYEjHgVg==",
      "dev": true,
      "requires": {
        "object-assign": "^4.1.0"
      }
    },
    "unist-util-generated": {
      "version": "1.1.4",
      "resolved": "https://registry.npmjs.org/unist-util-generated/-/unist-util-generated-1.1.4.tgz",
      "integrity": "sha512-SA7Sys3h3X4AlVnxHdvN/qYdr4R38HzihoEVY2Q2BZu8NHWDnw5OGcC/tXWjQfd4iG+M6qRFNIRGqJmp2ez4Ww==",
      "dev": true
    },
    "unist-util-is": {
      "version": "3.0.0",
      "resolved": "https://registry.npmjs.org/unist-util-is/-/unist-util-is-3.0.0.tgz",
      "integrity": "sha512-sVZZX3+kspVNmLWBPAB6r+7D9ZgAFPNWm66f7YNb420RlQSbn+n8rG8dGZSkrER7ZIXGQYNm5pqC3v3HopH24A==",
      "dev": true
    },
    "unist-util-position": {
      "version": "3.0.3",
      "resolved": "https://registry.npmjs.org/unist-util-position/-/unist-util-position-3.0.3.tgz",
      "integrity": "sha512-28EpCBYFvnMeq9y/4w6pbnFmCUfzlsc41NJui5c51hOFjBA1fejcwc+5W4z2+0ECVbScG3dURS3JTVqwenzqZw==",
      "dev": true
    },
    "unist-util-remove-position": {
      "version": "1.1.3",
      "resolved": "https://registry.npmjs.org/unist-util-remove-position/-/unist-util-remove-position-1.1.3.tgz",
      "integrity": "sha512-CtszTlOjP2sBGYc2zcKA/CvNdTdEs3ozbiJ63IPBxh8iZg42SCCb8m04f8z2+V1aSk5a7BxbZKEdoDjadmBkWA==",
      "dev": true,
      "requires": {
        "unist-util-visit": "^1.1.0"
      }
    },
    "unist-util-stringify-position": {
      "version": "2.0.1",
      "resolved": "https://registry.npmjs.org/unist-util-stringify-position/-/unist-util-stringify-position-2.0.1.tgz",
      "integrity": "sha512-Zqlf6+FRI39Bah8Q6ZnNGrEHUhwJOkHde2MHVk96lLyftfJJckaPslKgzhVcviXj8KcE9UJM9F+a4JEiBUTYgA==",
      "dev": true,
      "requires": {
        "@types/unist": "^2.0.2"
      }
    },
    "unist-util-visit": {
      "version": "1.4.1",
      "resolved": "https://registry.npmjs.org/unist-util-visit/-/unist-util-visit-1.4.1.tgz",
      "integrity": "sha512-AvGNk7Bb//EmJZyhtRUnNMEpId/AZ5Ph/KUpTI09WHQuDZHKovQ1oEv3mfmKpWKtoMzyMC4GLBm1Zy5k12fjIw==",
      "dev": true,
      "requires": {
        "unist-util-visit-parents": "^2.0.0"
      }
    },
    "unist-util-visit-parents": {
      "version": "2.1.2",
      "resolved": "https://registry.npmjs.org/unist-util-visit-parents/-/unist-util-visit-parents-2.1.2.tgz",
      "integrity": "sha512-DyN5vD4NE3aSeB+PXYNKxzGsfocxp6asDc2XXE3b0ekO2BaRUpBicbbUygfSvYfUz1IkmjFR1YF7dPklraMZ2g==",
      "dev": true,
      "requires": {
        "unist-util-is": "^3.0.0"
      }
    },
    "vfile": {
      "version": "4.0.1",
      "resolved": "https://registry.npmjs.org/vfile/-/vfile-4.0.1.tgz",
      "integrity": "sha512-lRHFCuC4SQBFr7Uq91oJDJxlnftoTLQ7eKIpMdubhYcVMho4781a8MWXLy3qZrZ0/STD1kRiKc0cQOHm4OkPeA==",
      "dev": true,
      "requires": {
        "@types/unist": "^2.0.0",
        "is-buffer": "^2.0.0",
        "replace-ext": "1.0.0",
        "unist-util-stringify-position": "^2.0.0",
        "vfile-message": "^2.0.0"
      }
    },
    "vfile-location": {
      "version": "2.0.5",
      "resolved": "https://registry.npmjs.org/vfile-location/-/vfile-location-2.0.5.tgz",
      "integrity": "sha512-Pa1ey0OzYBkLPxPZI3d9E+S4BmvfVwNAAXrrqGbwTVXWaX2p9kM1zZ+n35UtVM06shmWKH4RPRN8KI80qE3wNQ==",
      "dev": true
    },
    "vfile-message": {
      "version": "2.0.1",
      "resolved": "https://registry.npmjs.org/vfile-message/-/vfile-message-2.0.1.tgz",
      "integrity": "sha512-KtasSV+uVU7RWhUn4Lw+wW1Zl/nW8JWx7JCPps10Y9JRRIDeDXf8wfBLoOSsJLyo27DqMyAi54C6Jf/d6Kr2Bw==",
      "dev": true,
      "requires": {
        "@types/unist": "^2.0.2",
        "unist-util-stringify-position": "^2.0.0"
      }
    },
    "wrapped": {
      "version": "1.0.1",
      "resolved": "https://registry.npmjs.org/wrapped/-/wrapped-1.0.1.tgz",
      "integrity": "sha1-x4PZ2Aeyc+mwHoUWgKk4yHyQckI=",
      "dev": true,
      "requires": {
        "co": "3.1.0",
        "sliced": "^1.0.1"
      }
    },
    "xtend": {
      "version": "4.0.2",
      "resolved": "https://registry.npmjs.org/xtend/-/xtend-4.0.2.tgz",
      "integrity": "sha512-LKYU1iAXJXUgAXn9URjiu+MWhyUXHsvfp7mcuYm9dSUKK0/CjtrUwFAxD82/mCWbtLsGjFIad0wIsod4zrTAEQ==",
      "dev": true
    }
  }
}
